
Microsoft Visual Studio Solution File, Format Version 12.00
# Visual Studio Version 17
VisualStudioVersion = 17.9.34902.65
MinimumVisualStudioVersion = 10.0.40219.1
Project("{FAE04EC0-301F-11D3-BF4B-00C04F79EFBC}") = "1PirmaUzduotis_darbuotojuSaugojimasFaile", "1PirmaUzduotis_darbuotojuSaugojimasFaile\1PirmaUzduotis_darbuotojuSaugojimasFaile.csproj", "{03BBB943-943C-447C-B3F6-F9CD7022EA8C}"
EndProject
Project("{FAE04EC0-301F-11D3-BF4B-00C04F79EFBC}") = "2AntraUzduotis_ProduktuValdymoSistema", "2AntraUzduotis_ProduktuValdymoSistema\2AntraUzduotis_ProduktuValdymoSistema.csproj", "{77903074-1A89-43B5-8429-DF935254A048}"
EndProject
Global
	GlobalSection(SolutionConfigurationPlatforms) = preSolution
		Debug|Any CPU = Debug|Any CPU
		Release|Any CPU = Release|Any CPU
	EndGlobalSection
	GlobalSection(ProjectConfigurationPlatforms) = postSolution
		{03BBB943-943C-447C-B3F6-F9CD7022EA8C}.Debug|Any CPU.ActiveCfg = Debug|Any CPU
		{03BBB943-943C-447C-B3F6-F9CD7022EA8C}.Debug|Any CPU.Build.0 = Debug|Any CPU
		{03BBB943-943C-447C-B3F6-F9CD7022EA8C}.Release|Any CPU.ActiveCfg = Release|Any CPU
		{03BBB943-943C-447C-B3F6-F9CD7022EA8C}.Release|Any CPU.Build.0 = Release|Any CPU
		{77903074-1A89-43B5-8429-DF935254A048}.Debug|Any CPU.ActiveCfg = Debug|Any CPU
		{77903074-1A89-43B5-8429-DF935254A048}.Debug|Any CPU.Build.0 = Debug|Any CPU
		{77903074-1A89-43B5-8429-DF935254A048}.Release|Any CPU.ActiveCfg = Release|Any CPU
		{77903074-1A89-43B5-8429-DF935254A048}.Release|Any CPU.Build.0 = Release|Any CPU
	EndGlobalSection
	GlobalSection(SolutionProperties) = preSolution
		HideSolutionNode = FALSE
	EndGlobalSection
	GlobalSection(ExtensibilityGlobals) = postSolution
		SolutionGuid = {06414949-B20E-4CDB-B3C4-1B5764FF68D6}
	EndGlobalSection
EndGlobal
